// !$*UTF8*$!
{
	archiveVersion = 1;
	classes = {
	};
	objectVersion = 46;
	objects = {

/* Begin PBXBuildFile section */
		2D8477A41EAF851A00E0F9EE /* main.m in Sources */ = {isa = PBXBuildFile; fileRef = 2D8477A31EAF851A00E0F9EE /* main.m */; };
		2D8477A71EAF851A00E0F9EE /* AppDelegate.m in Sources */ = {isa = PBXBuildFile; fileRef = 2D8477A61EAF851A00E0F9EE /* AppDelegate.m */; };
		2D8477AA1EAF851A00E0F9EE /* ViewController.m in Sources */ = {isa = PBXBuildFile; fileRef = 2D8477A91EAF851A00E0F9EE /* ViewController.m */; };
		2D8477AD1EAF851A00E0F9EE /* Main.storyboard in Resources */ = {isa = PBXBuildFile; fileRef = 2D8477AB1EAF851A00E0F9EE /* Main.storyboard */; };
		2D8477AF1EAF851A00E0F9EE /* Assets.xcassets in Resources */ = {isa = PBXBuildFile; fileRef = 2D8477AE1EAF851A00E0F9EE /* Assets.xcassets */; };
		2D8477B21EAF851A00E0F9EE /* LaunchScreen.storyboard in Resources */ = {isa = PBXBuildFile; fileRef = 2D8477B01EAF851A00E0F9EE /* LaunchScreen.storyboard */; };
		2D8477BD1EAF851A00E0F9EE /* ___Tests.m in Sources */ = {isa = PBXBuildFile; fileRef = 2D8477BC1EAF851A00E0F9EE /* ___Tests.m */; };
		2D8477C81EAF851A00E0F9EE /* ___UITests.m in Sources */ = {isa = PBXBuildFile; fileRef = 2D8477C71EAF851A00E0F9EE /* ___UITests.m */; };
/* End PBXBuildFile section */

/* Begin PBXContainerItemProxy section */
		2D8477B91EAF851A00E0F9EE /* PBXContainerItemProxy */ = {
			isa = PBXContainerItemProxy;
			containerPortal = 2D8477971EAF851A00E0F9EE /* Project object */;
			proxyType = 1;
			remoteGlobalIDString = 2D84779E1EAF851A00E0F9EE;
			remoteInfo = "小小医";
		};
		2D8477C41EAF851A00E0F9EE /* PBXContainerItemProxy */ = {
			isa = PBXContainerItemProxy;
			containerPortal = 2D8477971EAF851A00E0F9EE /* Project object */;
			proxyType = 1;
			remoteGlobalIDString = 2D84779E1EAF851A00E0F9EE;
			remoteInfo = "小小医";
		};
/* End PBXContainerItemProxy section */

/* Begin PBXFileReference section */
		2D84779F1EAF851A00E0F9EE /* 小小医.app */ = {isa = PBXFileReference; explicitFileType = wrapper.application; includeInIndex = 0; path = "小小医.app"; sourceTree = BUILT_PRODUCTS_DIR; };
		2D8477A31EAF851A00E0F9EE /* main.m */ = {isa = PBXFileReference; lastKnownFileType = sourcecode.c.objc; path = main.m; sourceTree = "<group>"; };
		2D8477A51EAF851A00E0F9EE /* AppDelegate.h */ = {isa = PBXFileReference; lastKnownFileType = sourcecode.c.h; path = AppDelegate.h; sourceTree = "<group>"; };
		2D8477A61EAF851A00E0F9EE /* AppDelegate.m */ = {isa = PBXFileReference; lastKnownFileType = sourcecode.c.objc; path = AppDelegate.m; sourceTree = "<group>"; };
		2D8477A81EAF851A00E0F9EE /* ViewController.h */ = {isa = PBXFileReference; lastKnownFileType = sourcecode.c.h; path = ViewController.h; sourceTree = "<group>"; };
		2D8477A91EAF851A00E0F9EE /* ViewController.m */ = {isa = PBXFileReference; lastKnownFileType = sourcecode.c.objc; path = ViewController.m; sourceTree = "<group>"; };
		2D8477AC1EAF851A00E0F9EE /* Base */ = {isa = PBXFileReference; lastKnownFileType = file.storyboard; name = Base; path = Base.lproj/Main.storyboard; sourceTree = "<group>"; };
		2D8477AE1EAF851A00E0F9EE /* Assets.xcassets */ = {isa = PBXFileReference; lastKnownFileType = folder.assetcatalog; path = Assets.xcassets; sourceTree = "<group>"; };
		2D8477B11EAF851A00E0F9EE /* Base */ = {isa = PBXFileReference; lastKnownFileType = file.storyboard; name = Base; path = Base.lproj/LaunchScreen.storyboard; sourceTree = "<group>"; };
		2D8477B31EAF851A00E0F9EE /* Info.plist */ = {isa = PBXFileReference; lastKnownFileType = text.plist.xml; path = Info.plist; sourceTree = "<group>"; };
		2D8477B81EAF851A00E0F9EE /* 小小医Tests.xctest */ = {isa = PBXFileReference; explicitFileType = wrapper.cfbundle; includeInIndex = 0; path = "小小医Tests.xctest"; sourceTree = BUILT_PRODUCTS_DIR; };
		2D8477BC1EAF851A00E0F9EE /* ___Tests.m */ = {isa = PBXFileReference; lastKnownFileType = sourcecode.c.objc; path = "___Tests.m"; sourceTree = "<group>"; };
		2D8477BE1EAF851A00E0F9EE /* Info.plist */ = {isa = PBXFileReference; lastKnownFileType = text.plist.xml; path = Info.plist; sourceTree = "<group>"; };
		2D8477C31EAF851A00E0F9EE /* 小小医UITests.xctest */ = {isa = PBXFileReference; explicitFileType = wrapper.cfbundle; includeInIndex = 0; path = "小小医UITests.xctest"; sourceTree = BUILT_PRODUCTS_DIR; };
		2D8477C71EAF851A00E0F9EE /* ___UITests.m */ = {isa = PBXFileReference; lastKnownFileType = sourcecode.c.objc; path = "___UITests.m"; sourceTree = "<group>"; };
		2D8477C91EAF851A00E0F9EE /* Info.plist */ = {isa = PBXFileReference; lastKnownFileType = text.plist.xml; path = Info.plist; sourceTree = "<group>"; };
/* End PBXFileReference section */

/* Begin PBXFrameworksBuildPhase section */
		2D84779C1EAF851A00E0F9EE /* Frameworks */ = {
			isa = PBXFrameworksBuildPhase;
			buildActionMask = 2147483647;
			files = (
			);
			runOnlyForDeploymentPostprocessing = 0;
		};
		2D8477B51EAF851A00E0F9EE /* Frameworks */ = {
			isa = PBXFrameworksBuildPhase;
			buildActionMask = 2147483647;
			files = (
			);
			runOnlyForDeploymentPostprocessing = 0;
		};
		2D8477C01EAF851A00E0F9EE /* Frameworks */ = {
			isa = PBXFrameworksBuildPhase;
			buildActionMask = 2147483647;
			files = (
			);
			runOnlyForDeploymentPostprocessing = 0;
		};
/* End PBXFrameworksBuildPhase section */

/* Begin PBXGroup section */
		2D8477961EAF851A00E0F9EE = {
			isa = PBXGroup;
			children = (
				2D8477A11EAF851A00E0F9EE /* 小小医 */,
				2D8477BB1EAF851A00E0F9EE /* 小小医Tests */,
				2D8477C61EAF851A00E0F9EE /* 小小医UITests */,
				2D8477A01EAF851A00E0F9EE /* Products */,
			);
			sourceTree = "<group>";
		};
		2D8477A01EAF851A00E0F9EE /* Products */ = {
			isa = PBXGroup;
			children = (
				2D84779F1EAF851A00E0F9EE /* 小小医.app */,
				2D8477B81EAF851A00E0F9EE /* 小小医Tests.xctest */,
				2D8477C31EAF851A00E0F9EE /* 小小医UITests.xctest */,
			);
			name = Products;
			sourceTree = "<group>";
		};
		2D8477A11EAF851A00E0F9EE /* 小小医 */ = {
			isa = PBXGroup;
			children = (
				2D8477A51EAF851A00E0F9EE /* AppDelegate.h */,
				2D8477A61EAF851A00E0F9EE /* AppDelegate.m */,
				2D8477A81EAF851A00E0F9EE /* ViewController.h */,
				2D8477A91EAF851A00E0F9EE /* ViewController.m */,
				2D8477AB1EAF851A00E0F9EE /* Main.storyboard */,
				2D8477AE1EAF851A00E0F9EE /* Assets.xcassets */,
				2D8477B01EAF851A00E0F9EE /* LaunchScreen.storyboard */,
				2D8477B31EAF851A00E0F9EE /* Info.plist */,
				2D8477A21EAF851A00E0F9EE /* Supporting Files */,
			);
			path = "小小医";
			sourceTree = "<group>";
		};
		2D8477A21EAF851A00E0F9EE /* Supporting Files */ = {
			isa = PBXGroup;
			children = (
				2D8477A31EAF851A00E0F9EE /* main.m */,
			);
			name = "Supporting Files";
			sourceTree = "<group>";
		};
		2D8477BB1EAF851A00E0F9EE /* 小小医Tests */ = {
			isa = PBXGroup;
			children = (
				2D8477BC1EAF851A00E0F9EE /* ___Tests.m */,
				2D8477BE1EAF851A00E0F9EE /* Info.plist */,
			);
			path = "小小医Tests";
			sourceTree = "<group>";
		};
		2D8477C61EAF851A00E0F9EE /* 小小医UITests */ = {
			isa = PBXGroup;
			children = (
				2D8477C71EAF851A00E0F9EE /* ___UITests.m */,
				2D8477C91EAF851A00E0F9EE /* Info.plist */,
			);
			path = "小小医UITests";
			sourceTree = "<group>";
		};
/* End PBXGroup section */

/* Begin PBXNativeTarget section */
		2D84779E1EAF851A00E0F9EE /* 小小医 */ = {
			isa = PBXNativeTarget;
			buildConfigurationList = 2D8477CC1EAF851A00E0F9EE /* Build configuration list for PBXNativeTarget "小小医" */;
			buildPhases = (
				2D84779B1EAF851A00E0F9EE /* Sources */,
				2D84779C1EAF851A00E0F9EE /* Frameworks */,
				2D84779D1EAF851A00E0F9EE /* Resources */,
			);
			buildRules = (
			);
			dependencies = (
			);
			name = "小小医";
			productName = "小小医";
			productReference = 2D84779F1EAF851A00E0F9EE /* 小小医.app */;
			productType = "com.apple.product-type.application";
		};
		2D8477B71EAF851A00E0F9EE /* 小小医Tests */ = {
			isa = PBXNativeTarget;
			buildConfigurationList = 2D8477CF1EAF851A00E0F9EE /* Build configuration list for PBXNativeTarget "小小医Tests" */;
			buildPhases = (
				2D8477B41EAF851A00E0F9EE /* Sources */,
				2D8477B51EAF851A00E0F9EE /* Frameworks */,
				2D8477B61EAF851A00E0F9EE /* Resources */,
			);
			buildRules = (
			);
			dependencies = (
				2D8477BA1EAF851A00E0F9EE /* PBXTargetDependency */,
			);
			name = "小小医Tests";
			productName = "小小医Tests";
			productReference = 2D8477B81EAF851A00E0F9EE /* 小小医Tests.xctest */;
			productType = "com.apple.product-type.bundle.unit-test";
		};
		2D8477C21EAF851A00E0F9EE /* 小小医UITests */ = {
			isa = PBXNativeTarget;
			buildConfigurationList = 2D8477D21EAF851A00E0F9EE /* Build configuration list for PBXNativeTarget "小小医UITests" */;
			buildPhases = (
				2D8477BF1EAF851A00E0F9EE /* Sources */,
				2D8477C01EAF851A00E0F9EE /* Frameworks */,
				2D8477C11EAF851A00E0F9EE /* Resources */,
			);
			buildRules = (
			);
			dependencies = (
				2D8477C51EAF851A00E0F9EE /* PBXTargetDependency */,
			);
			name = "小小医UITests";
			productName = "小小医UITests";
			productReference = 2D8477C31EAF851A00E0F9EE /* 小小医UITests.xctest */;
			productType = "com.apple.product-type.bundle.ui-testing";
		};
/* End PBXNativeTarget section */

/* Begin PBXProject section */
		2D8477971EAF851A00E0F9EE /* Project object */ = {
			isa = PBXProject;
			attributes = {
				LastUpgradeCheck = 0830;
				ORGANIZATIONNAME = "王卫亮";
				TargetAttributes = {
					2D84779E1EAF851A00E0F9EE = {
						CreatedOnToolsVersion = 8.3.1;
						DevelopmentTeam = 2NKGXFLX4U;
						ProvisioningStyle = Automatic;
					};
					2D8477B71EAF851A00E0F9EE = {
						CreatedOnToolsVersion = 8.3.1;
						DevelopmentTeam = 2NKGXFLX4U;
						ProvisioningStyle = Automatic;
						TestTargetID = 2D84779E1EAF851A00E0F9EE;
					};
					2D8477C21EAF851A00E0F9EE = {
						CreatedOnToolsVersion = 8.3.1;
						DevelopmentTeam = 2NKGXFLX4U;
						ProvisioningStyle = Automatic;
						TestTargetID = 2D84779E1EAF851A00E0F9EE;
					};
				};
			};
			buildConfigurationList = 2D84779A1EAF851A00E0F9EE /* Build configuration list for PBXProject "小小医" */;
			compatibilityVersion = "Xcode 3.2";
			developmentRegion = English;
			hasScannedForEncodings = 0;
			knownRegions = (
				en,
				Base,
			);
			mainGroup = 2D8477961EAF851A00E0F9EE;
			productRefGroup = 2D8477A01EAF851A00E0F9EE /* Products */;
			projectDirPath = "";
			projectRoot = "";
			targets = (
				2D84779E1EAF851A00E0F9EE /* 小小医 */,
				2D8477B71EAF851A00E0F9EE /* 小小医Tests */,
				2D8477C21EAF851A00E0F9EE /* 小小医UITests */,
			);
		};
/* End PBXProject section */

/* Begin PBXResourcesBuildPhase section */
		2D84779D1EAF851A00E0F9EE /* Resources */ = {
			isa = PBXResourcesBuildPhase;
			buildActionMask = 2147483647;
			files = (
				2D8477B21EAF851A00E0F9EE /* LaunchScreen.storyboard in Resources */,
				2D8477AF1EAF851A00E0F9EE /* Assets.xcassets in Resources */,
				2D8477AD1EAF851A00E0F9EE /* Main.storyboard in Resources */,
			);
			runOnlyForDeploymentPostprocessing = 0;
		};
		2D8477B61EAF851A00E0F9EE /* Resources */ = {
			isa = PBXResourcesBuildPhase;
			buildActionMask = 2147483647;
			files = (
			);
			runOnlyForDeploymentPostprocessing = 0;
		};
		2D8477C11EAF851A00E0F9EE /* Resources */ = {
			isa = PBXResourcesBuildPhase;
			buildActionMask = 2147483647;
			files = (
			);
			runOnlyForDeploymentPostprocessing = 0;
		};
/* End PBXResourcesBuildPhase section */

/* Begin PBXSourcesBuildPhase section */
		2D84779B1EAF851A00E0F9EE /* Sources */ = {
			isa = PBXSourcesBuildPhase;
			buildActionMask = 2147483647;
			files = (
				2D8477AA1EAF851A00E0F9EE /* ViewController.m in Sources */,
				2D8477A71EAF851A00E0F9EE /* AppDelegate.m in Sources */,
				2D8477A41EAF851A00E0F9EE /* main.m in Sources */,
			);
			runOnlyForDeploymentPostprocessing = 0;
		};
		2D8477B41EAF851A00E0F9EE /* Sources */ = {
			isa = PBXSourcesBuildPhase;
			buildActionMask = 2147483647;
			files = (
				2D8477BD1EAF851A00E0F9EE /* ___Tests.m in Sources */,
			);
			runOnlyForDeploymentPostprocessing = 0;
		};
		2D8477BF1EAF851A00E0F9EE /* Sources */ = {
			isa = PBXSourcesBuildPhase;
			buildActionMask = 2147483647;
			files = (
				2D8477C81EAF851A00E0F9EE /* ___UITests.m in Sources */,
			);
			runOnlyForDeploymentPostprocessing = 0;
		};
/* End PBXSourcesBuildPhase section */

/* Begin PBXTargetDependency section */
		2D8477BA1EAF851A00E0F9EE /* PBXTargetDependency */ = {
			isa = PBXTargetDependency;
			target = 2D84779E1EAF851A00E0F9EE /* 小小医 */;
			targetProxy = 2D8477B91EAF851A00E0F9EE /* PBXContainerItemProxy */;
		};
		2D8477C51EAF851A00E0F9EE /* PBXTargetDependency */ = {
			isa = PBXTargetDependency;
			target = 2D84779E1EAF851A00E0F9EE /* 小小医 */;
			targetProxy = 2D8477C41EAF851A00E0F9EE /* PBXContainerItemProxy */;
		};
/* End PBXTargetDependency section */

/* Begin PBXVariantGroup section */
		2D8477AB1EAF851A00E0F9EE /* Main.storyboard */ = {
			isa = PBXVariantGroup;
			children = (
				2D8477AC1EAF851A00E0F9EE /* Base */,
			);
			name = Main.storyboard;
			sourceTree = "<group>";
		};
		2D8477B01EAF851A00E0F9EE /* LaunchScreen.storyboard */ = {
			isa = PBXVariantGroup;
			children = (
				2D8477B11EAF851A00E0F9EE /* Base */,
			);
			name = LaunchScreen.storyboard;
			sourceTree = "<group>";
		};
/* End PBXVariantGroup section */

/* Begin XCBuildConfiguration section */
		2D8477CA1EAF851A00E0F9EE /* Debug */ = {
			isa = XCBuildConfiguration;
			buildSettings = {
				ALWAYS_SEARCH_USER_PATHS = NO;
				CLANG_ANALYZER_NONNULL = YES;
				CLANG_ANALYZER_NUMBER_OBJECT_CONVERSION = YES_AGGRESSIVE;
				CLANG_CXX_LANGUAGE_STANDARD = "gnu++0x";
				CLANG_CXX_LIBRARY = "libc++";
				CLANG_ENABLE_MODULES = YES;
				CLANG_ENABLE_OBJC_ARC = YES;
				CLANG_WARN_BOOL_CONVERSION = YES;
				CLANG_WARN_CONSTANT_CONVERSION = YES;
				CLANG_WARN_DIRECT_OBJC_ISA_USAGE = YES_ERROR;
				CLANG_WARN_DOCUMENTATION_COMMENTS = YES;
				CLANG_WARN_EMPTY_BODY = YES;
				CLANG_WARN_ENUM_CONVERSION = YES;
				CLANG_WARN_INFINITE_RECURSION = YES;
				CLANG_WARN_INT_CONVERSION = YES;
				CLANG_WARN_OBJC_ROOT_CLASS = YES_ERROR;
				CLANG_WARN_SUSPICIOUS_MOVE = YES;
				CLANG_WARN_UNREACHABLE_CODE = YES;
				CLANG_WARN__DUPLICATE_METHOD_MATCH = YES;
				"CODE_SIGN_IDENTITY[sdk=iphoneos*]" = "iPhone Developer";
				COPY_PHASE_STRIP = NO;
				DEBUG_INFORMATION_FORMAT = dwarf;
				ENABLE_STRICT_OBJC_MSGSEND = YES;
				ENABLE_TESTABILITY = YES;
				GCC_C_LANGUAGE_STANDARD = gnu99;
				GCC_DYNAMIC_NO_PIC = NO;
				GCC_NO_COMMON_BLOCKS = YES;
				GCC_OPTIMIZATION_LEVEL = 0;
				GCC_PREPROCESSOR_DEFINITIONS = (
					"DEBUG=1",
					"$(inherited)",
				);
				GCC_WARN_64_TO_32_BIT_CONVERSION = YES;
				GCC_WARN_ABOUT_RETURN_TYPE = YES_ERROR;
				GCC_WARN_UNDECLARED_SELECTOR = YES;
				GCC_WARN_UNINITIALIZED_AUTOS = YES_AGGRESSIVE;
				GCC_WARN_UNUSED_FUNCTION = YES;
				GCC_WARN_UNUSED_VARIABLE = YES;
				IPHONEOS_DEPLOYMENT_TARGET = 10.3;
				MTL_ENABLE_DEBUG_INFO = YES;
				ONLY_ACTIVE_ARCH = YES;
				SDKROOT = iphoneos;
			};
			name = Debug;
		};
		2D8477CB1EAF851A00E0F9EE /* Release */ = {
			isa = XCBuildConfiguration;
			buildSettings = {
				ALWAYS_SEARCH_USER_PATHS = NO;
				CLANG_ANALYZER_NONNULL = YES;
				CLANG_ANALYZER_NUMBER_OBJECT_CONVERSION = YES_AGGRESSIVE;
				CLANG_CXX_LANGUAGE_STANDARD = "gnu++0x";
				CLANG_CXX_LIBRARY = "libc++";
				CLANG_ENABLE_MODULES = YES;
				CLANG_ENABLE_OBJC_ARC = YES;
				CLANG_WARN_BOOL_CONVERSION = YES;
				CLANG_WARN_CONSTANT_CONVERSION = YES;
				CLANG_WARN_DIRECT_OBJC_ISA_USAGE = YES_ERROR;
				CLANG_WARN_DOCUMENTATION_COMMENTS = YES;
				CLANG_WARN_EMPTY_BODY = YES;
				CLANG_WARN_ENUM_CONVERSION = YES;
				CLANG_WARN_INFINITE_RECURSION = YES;
				CLANG_WARN_INT_CONVERSION = YES;
				CLANG_WARN_OBJC_ROOT_CLASS = YES_ERROR;
				CLANG_WARN_SUSPICIOUS_MOVE = YES;
				CLANG_WARN_UNREACHABLE_CODE = YES;
				CLANG_WARN__DUPLICATE_METHOD_MATCH = YES;
				"CODE_SIGN_IDENTITY[sdk=iphoneos*]" = "iPhone Developer";
				COPY_PHASE_STRIP = NO;
				DEBUG_INFORMATION_FORMAT = "dwarf-with-dsym";
				ENABLE_NS_ASSERTIONS = NO;
				ENABLE_STRICT_OBJC_MSGSEND = YES;
				GCC_C_LANGUAGE_STANDARD = gnu99;
				GCC_NO_COMMON_BLOCKS = YES;
				GCC_WARN_64_TO_32_BIT_CONVERSION = YES;
				GCC_WARN_ABOUT_RETURN_TYPE = YES_ERROR;
				GCC_WARN_UNDECLARED_SELECTOR = YES;
				GCC_WARN_UNINITIALIZED_AUTOS = YES_AGGRESSIVE;
				GCC_WARN_UNUSED_FUNCTION = YES;
				GCC_WARN_UNUSED_VARIABLE = YES;
				IPHONEOS_DEPLOYMENT_TARGET = 10.3;
				MTL_ENABLE_DEBUG_INFO = NO;
				SDKROOT = iphoneos;
				VALIDATE_PRODUCT = YES;
			};
			name = Release;
		};
		2D8477CD1EAF851A00E0F9EE /* Debug */ = {
			isa = XCBuildConfiguration;
			buildSettings = {
				ASSETCATALOG_COMPILER_APPICON_NAME = AppIcon;
				DEVELOPMENT_TEAM = 2NKGXFLX4U;
				INFOPLIST_FILE = "小小医/Info.plist";
				LD_RUNPATH_SEARCH_PATHS = "$(inherited) @executable_path/Frameworks";
				PRODUCT_BUNDLE_IDENTIFIER = "com.dianshang.---";
				PRODUCT_NAME = "$(TARGET_NAME)";
			};
			name = Debug;
		};
		2D8477CE1EAF851A00E0F9EE /* Release */ = {
			isa = XCBuildConfiguration;
			buildSettings = {
				ASSETCATALOG_COMPILER_APPICON_NAME = AppIcon;
				DEVELOPMENT_TEAM = 2NKGXFLX4U;
				INFOPLIST_FILE = "小小医/Info.plist";
				LD_RUNPATH_SEARCH_PATHS = "$(inherited) @executable_path/Frameworks";
				PRODUCT_BUNDLE_IDENTIFIER = "com.dianshang.---";
				PRODUCT_NAME = "$(TARGET_NAME)";
			};
			name = Release;
		};
		2D8477D01EAF851A00E0F9EE /* Debug */ = {
			isa = XCBuildConfiguration;
			buildSettings = {
				BUNDLE_LOADER = "$(TEST_HOST)";
				DEVELOPMENT_TEAM = 2NKGXFLX4U;
				INFOPLIST_FILE = "小小医Tests/Info.plist";
				LD_RUNPATH_SEARCH_PATHS = "$(inherited) @executable_path/Frameworks @loader_path/Frameworks";
				PRODUCT_BUNDLE_IDENTIFIER = "com.dianshang.---Tests";
				PRODUCT_NAME = "$(TARGET_NAME)";
				TEST_HOST = "$(BUILT_PRODUCTS_DIR)/小小医.app/小小医";
			};
			name = Debug;
		};
		2D8477D11EAF851A00E0F9EE /* Release */ = {
			isa = XCBuildConfiguration;
			buildSettings = {
				BUNDLE_LOADER = "$(TEST_HOST)";
				DEVELOPMENT_TEAM = 2NKGXFLX4U;
				INFOPLIST_FILE = "小小医Tests/Info.plist";
				LD_RUNPATH_SEARCH_PATHS = "$(inherited) @executable_path/Frameworks @loader_path/Frameworks";
				PRODUCT_BUNDLE_IDENTIFIER = "com.dianshang.---Tests";
				PRODUCT_NAME = "$(TARGET_NAME)";
				TEST_HOST = "$(BUILT_PRODUCTS_DIR)/小小医.app/小小医";
			};
			name = Release;
		};
		2D8477D31EAF851A00E0F9EE /* Debug */ = {
			isa = XCBuildConfiguration;
			buildSettings = {
				DEVELOPMENT_TEAM = 2NKGXFLX4U;
				INFOPLIST_FILE = "小小医UITests/Info.plist";
				LD_RUNPATH_SEARCH_PATHS = "$(inherited) @executable_path/Frameworks @loader_path/Frameworks";
				PRODUCT_BUNDLE_IDENTIFIER = "com.dianshang.---UITests";
				PRODUCT_NAME = "$(TARGET_NAME)";
				TEST_TARGET_NAME = "小小医";
			};
			name = Debug;
		};
		2D8477D41EAF851A00E0F9EE /* Release */ = {
			isa = XCBuildConfiguration;
			buildSettings = {
				DEVELOPMENT_TEAM = 2NKGXFLX4U;
				INFOPLIST_FILE = "小小医UITests/Info.plist";
				LD_RUNPATH_SEARCH_PATHS = "$(inherited) @executable_path/Frameworks @loader_path/Frameworks";
				PRODUCT_BUNDLE_IDENTIFIER = "com.dianshang.---UITests";
				PRODUCT_NAME = "$(TARGET_NAME)";
				TEST_TARGET_NAME = "小小医";
			};
			name = Release;
		};
/* End XCBuildConfiguration section */

/* Begin XCConfigurationList section */
		2D84779A1EAF851A00E0F9EE /* Build configuration list for PBXProject "小小医" */ = {
			isa = XCConfigurationList;
			buildConfigurations = (
				2D8477CA1EAF851A00E0F9EE /* Debug */,
				2D8477CB1EAF851A00E0F9EE /* Release */,
			);
			defaultConfigurationIsVisible = 0;
			defaultConfigurationName = Release;
		};
		2D8477CC1EAF851A00E0F9EE /* Build configuration list for PBXNativeTarget "小小医" */ = {
			isa = XCConfigurationList;
			buildConfigurations = (
				2D8477CD1EAF851A00E0F9EE /* Debug */,
				2D8477CE1EAF851A00E0F9EE /* Release */,
			);
			defaultConfigurationIsVisible = 0;
		};
		2D8477CF1EAF851A00E0F9EE /* Build configuration list for PBXNativeTarget "小小医Tests" */ = {
			isa = XCConfigurationList;
			buildConfigurations = (
				2D8477D01EAF851A00E0F9EE /* Debug */,
				2D8477D11EAF851A00E0F9EE /* Release */,
			);
			defaultConfigurationIsVisible = 0;
		};
		2D8477D21EAF851A00E0F9EE /* Build configuration list for PBXNativeTarget "小小医UITests" */ = {
			isa = XCConfigurationList;
			buildConfigurations = (
				2D8477D31EAF851A00E0F9EE /* Debug */,
				2D8477D41EAF851A00E0F9EE /* Release */,
			);
			defaultConfigurationIsVisible = 0;
		};
/* End XCConfigurationList section */
	};
	rootObject = 2D8477971EAF851A00E0F9EE /* Project object */;
}
